// !$*UTF8*$!
{
	archiveVersion = 1;
	classes = {
	};
	objectVersion = 46;
	objects = {

/* Begin PBXBuildFile section */
		8F1512DA1B426F3200289665 /* AppDelegate.swift in Sources */ = {isa = PBXBuildFile; fileRef = 8F1512D91B426F3200289665 /* AppDelegate.swift */; };
		8F1512DC1B426F3200289665 /* OrderFormViewController.swift in Sources */ = {isa = PBXBuildFile; fileRef = 8F1512DB1B426F3200289665 /* OrderFormViewController.swift */; };
		8F1512DF1B426F3200289665 /* Main.storyboard in Resources */ = {isa = PBXBuildFile; fileRef = 8F1512DD1B426F3200289665 /* Main.storyboard */; };
		8F1512E11B426F3200289665 /* Images.xcassets in Resources */ = {isa = PBXBuildFile; fileRef = 8F1512E01B426F3200289665 /* Images.xcassets */; };
		8F1512E41B426F3200289665 /* LaunchScreen.xib in Resources */ = {isa = PBXBuildFile; fileRef = 8F1512E21B426F3200289665 /* LaunchScreen.xib */; };
		8F1512F01B426F3200289665 /* OrderFormTests.swift in Sources */ = {isa = PBXBuildFile; fileRef = 8F1512EF1B426F3200289665 /* OrderFormTests.swift */; };
		8F1512FC1B42752300289665 /* StartPlayerTableViewCell.swift in Sources */ = {isa = PBXBuildFile; fileRef = 8F1512FB1B42752300289665 /* StartPlayerTableViewCell.swift */; };
		8F1512FE1B427A1D00289665 /* ReservePlayerTableViewCell.swift in Sources */ = {isa = PBXBuildFile; fileRef = 8F1512FD1B427A1D00289665 /* ReservePlayerTableViewCell.swift */; };
		8F1513011B427AB500289665 /* Player.swift in Sources */ = {isa = PBXBuildFile; fileRef = 8F1513001B427AB500289665 /* Player.swift */; };
		8F1513041B42859F00289665 /* EditStartPlayerViewController.swift in Sources */ = {isa = PBXBuildFile; fileRef = 8F1513031B42859F00289665 /* EditStartPlayerViewController.swift */; };
		8F1513061B42B7D400289665 /* EditReservePlayerViewController.swift in Sources */ = {isa = PBXBuildFile; fileRef = 8F1513051B42B7D400289665 /* EditReservePlayerViewController.swift */; };
		8F7ACB0E1B439A4D00EAA932 /* StartPlayerHeaderView.swift in Sources */ = {isa = PBXBuildFile; fileRef = 8F7ACB0D1B439A4D00EAA932 /* StartPlayerHeaderView.swift */; };
		8F7ACB101B439A9400EAA932 /* StartPlayerHeaderView.xib in Resources */ = {isa = PBXBuildFile; fileRef = 8F7ACB0F1B439A9400EAA932 /* StartPlayerHeaderView.xib */; };
		8FF71A1C1B43DD5C0001E796 /* ReservePlayerHeaderView.xib in Resources */ = {isa = PBXBuildFile; fileRef = 8FF71A1B1B43DD5C0001E796 /* ReservePlayerHeaderView.xib */; };
		8FF71A1E1B43DF320001E796 /* ReservePlayerHeaderView.swift in Sources */ = {isa = PBXBuildFile; fileRef = 8FF71A1D1B43DF320001E796 /* ReservePlayerHeaderView.swift */; };
		8FF71A201B44C9DC0001E796 /* PositionViewController.swift in Sources */ = {isa = PBXBuildFile; fileRef = 8FF71A1F1B44C9DC0001E796 /* PositionViewController.swift */; };
		8FF71A221B44E6BC0001E796 /* MainNavigationViewController.swift in Sources */ = {isa = PBXBuildFile; fileRef = 8FF71A211B44E6BC0001E796 /* MainNavigationViewController.swift */; };
		8FF71A241B450CF30001E796 /* ChangePlayerTableViewController.swift in Sources */ = {isa = PBXBuildFile; fileRef = 8FF71A231B450CF30001E796 /* ChangePlayerTableViewController.swift */; };
		8FF71A261B45163A0001E796 /* NoPlayerTableViewCell.swift in Sources */ = {isa = PBXBuildFile; fileRef = 8FF71A251B45163A0001E796 /* NoPlayerTableViewCell.swift */; };
		8FF71A281B45330F0001E796 /* MainViewController.swift in Sources */ = {isa = PBXBuildFile; fileRef = 8FF71A271B45330F0001E796 /* MainViewController.swift */; };
		8FF71A2A1B4536170001E796 /* SuperViewController.swift in Sources */ = {isa = PBXBuildFile; fileRef = 8FF71A291B4536170001E796 /* SuperViewController.swift */; };
/* End PBXBuildFile section */

/* Begin PBXContainerItemProxy section */
		8F1512EA1B426F3200289665 /* PBXContainerItemProxy */ = {
			isa = PBXContainerItemProxy;
			containerPortal = 8F1512CC1B426F3200289665 /* Project object */;
			proxyType = 1;
			remoteGlobalIDString = 8F1512D31B426F3200289665;
			remoteInfo = OrderForm;
		};
/* End PBXContainerItemProxy section */

/* Begin PBXFileReference section */
		8F1512D41B426F3200289665 /* OrderForm.app */ = {isa = PBXFileReference; explicitFileType = wrapper.application; includeInIndex = 0; path = OrderForm.app; sourceTree = BUILT_PRODUCTS_DIR; };
		8F1512D81B426F3200289665 /* Info.plist */ = {isa = PBXFileReference; lastKnownFileType = text.plist.xml; path = Info.plist; sourceTree = "<group>"; };
		8F1512D91B426F3200289665 /* AppDelegate.swift */ = {isa = PBXFileReference; lastKnownFileType = sourcecode.swift; path = AppDelegate.swift; sourceTree = "<group>"; };
		8F1512DB1B426F3200289665 /* OrderFormViewController.swift */ = {isa = PBXFileReference; lastKnownFileType = sourcecode.swift; path = OrderFormViewController.swift; sourceTree = "<group>"; };
		8F1512DE1B426F3200289665 /* Base */ = {isa = PBXFileReference; lastKnownFileType = file.storyboard; name = Base; path = Base.lproj/Main.storyboard; sourceTree = "<group>"; };
		8F1512E01B426F3200289665 /* Images.xcassets */ = {isa = PBXFileReference; lastKnownFileType = folder.assetcatalog; path = Images.xcassets; sourceTree = "<group>"; };
		8F1512E31B426F3200289665 /* Base */ = {isa = PBXFileReference; lastKnownFileType = file.xib; name = Base; path = Base.lproj/LaunchScreen.xib; sourceTree = "<group>"; };
		8F1512E91B426F3200289665 /* OrderFormTests.xctest */ = {isa = PBXFileReference; explicitFileType = wrapper.cfbundle; includeInIndex = 0; path = OrderFormTests.xctest; sourceTree = BUILT_PRODUCTS_DIR; };
		8F1512EE1B426F3200289665 /* Info.plist */ = {isa = PBXFileReference; lastKnownFileType = text.plist.xml; path = Info.plist; sourceTree = "<group>"; };
		8F1512EF1B426F3200289665 /* OrderFormTests.swift */ = {isa = PBXFileReference; lastKnownFileType = sourcecode.swift; path = OrderFormTests.swift; sourceTree = "<group>"; };
		8F1512FB1B42752300289665 /* StartPlayerTableViewCell.swift */ = {isa = PBXFileReference; fileEncoding = 4; lastKnownFileType = sourcecode.swift; path = StartPlayerTableViewCell.swift; sourceTree = "<group>"; };
		8F1512FD1B427A1D00289665 /* ReservePlayerTableViewCell.swift */ = {isa = PBXFileReference; fileEncoding = 4; lastKnownFileType = sourcecode.swift; path = ReservePlayerTableViewCell.swift; sourceTree = "<group>"; };
		8F1513001B427AB500289665 /* Player.swift */ = {isa = PBXFileReference; fileEncoding = 4; lastKnownFileType = sourcecode.swift; path = Player.swift; sourceTree = "<group>"; };
		8F1513031B42859F00289665 /* EditStartPlayerViewController.swift */ = {isa = PBXFileReference; fileEncoding = 4; lastKnownFileType = sourcecode.swift; path = EditStartPlayerViewController.swift; sourceTree = "<group>"; };
		8F1513051B42B7D400289665 /* EditReservePlayerViewController.swift */ = {isa = PBXFileReference; fileEncoding = 4; lastKnownFileType = sourcecode.swift; path = EditReservePlayerViewController.swift; sourceTree = "<group>"; };
		8F7ACB0D1B439A4D00EAA932 /* StartPlayerHeaderView.swift */ = {isa = PBXFileReference; fileEncoding = 4; lastKnownFileType = sourcecode.swift; path = StartPlayerHeaderView.swift; sourceTree = "<group>"; };
		8F7ACB0F1B439A9400EAA932 /* StartPlayerHeaderView.xib */ = {isa = PBXFileReference; fileEncoding = 4; lastKnownFileType = file.xib; path = StartPlayerHeaderView.xib; sourceTree = "<group>"; };
		8FF71A1B1B43DD5C0001E796 /* ReservePlayerHeaderView.xib */ = {isa = PBXFileReference; fileEncoding = 4; lastKnownFileType = file.xib; path = ReservePlayerHeaderView.xib; sourceTree = "<group>"; };
		8FF71A1D1B43DF320001E796 /* ReservePlayerHeaderView.swift */ = {isa = PBXFileReference; fileEncoding = 4; lastKnownFileType = sourcecode.swift; path = ReservePlayerHeaderView.swift; sourceTree = "<group>"; };
		8FF71A1F1B44C9DC0001E796 /* PositionViewController.swift */ = {isa = PBXFileReference; fileEncoding = 4; lastKnownFileType = sourcecode.swift; path = PositionViewController.swift; sourceTree = "<group>"; };
		8FF71A211B44E6BC0001E796 /* MainNavigationViewController.swift */ = {isa = PBXFileReference; fileEncoding = 4; lastKnownFileType = sourcecode.swift; path = MainNavigationViewController.swift; sourceTree = "<group>"; };
		8FF71A231B450CF30001E796 /* ChangePlayerTableViewController.swift */ = {isa = PBXFileReference; fileEncoding = 4; lastKnownFileType = sourcecode.swift; path = ChangePlayerTableViewController.swift; sourceTree = "<group>"; };
		8FF71A251B45163A0001E796 /* NoPlayerTableViewCell.swift */ = {isa = PBXFileReference; fileEncoding = 4; lastKnownFileType = sourcecode.swift; path = NoPlayerTableViewCell.swift; sourceTree = "<group>"; };
		8FF71A271B45330F0001E796 /* MainViewController.swift */ = {isa = PBXFileReference; fileEncoding = 4; lastKnownFileType = sourcecode.swift; path = MainViewController.swift; sourceTree = "<group>"; };
		8FF71A291B4536170001E796 /* SuperViewController.swift */ = {isa = PBXFileReference; fileEncoding = 4; lastKnownFileType = sourcecode.swift; path = SuperViewController.swift; sourceTree = "<group>"; };
/* End PBXFileReference section */

/* Begin PBXFrameworksBuildPhase section */
		8F1512D11B426F3200289665 /* Frameworks */ = {
			isa = PBXFrameworksBuildPhase;
			buildActionMask = 2147483647;
			files = (
			);
			runOnlyForDeploymentPostprocessing = 0;
		};
		8F1512E61B426F3200289665 /* Frameworks */ = {
			isa = PBXFrameworksBuildPhase;
			buildActionMask = 2147483647;
			files = (
			);
			runOnlyForDeploymentPostprocessing = 0;
		};
/* End PBXFrameworksBuildPhase section */

/* Begin PBXGroup section */
		8F1512CB1B426F3200289665 = {
			isa = PBXGroup;
			children = (
				8F1512D61B426F3200289665 /* OrderForm */,
				8F1512EC1B426F3200289665 /* OrderFormTests */,
				8F1512D51B426F3200289665 /* Products */,
			);
			sourceTree = "<group>";
		};
		8F1512D51B426F3200289665 /* Products */ = {
			isa = PBXGroup;
			children = (
				8F1512D41B426F3200289665 /* OrderForm.app */,
				8F1512E91B426F3200289665 /* OrderFormTests.xctest */,
			);
			name = Products;
			sourceTree = "<group>";
		};
		8F1512D61B426F3200289665 /* OrderForm */ = {
			isa = PBXGroup;
			children = (
				8F1513021B4282EB00289665 /* Controllers */,
				8F1512FF1B427AA800289665 /* Classes */,
				8F1512FA1B4274FE00289665 /* Views */,
				8F1512D91B426F3200289665 /* AppDelegate.swift */,
				8F1512DD1B426F3200289665 /* Main.storyboard */,
				8F1512E01B426F3200289665 /* Images.xcassets */,
				8F1512E21B426F3200289665 /* LaunchScreen.xib */,
				8F1512D71B426F3200289665 /* Supporting Files */,
			);
			path = OrderForm;
			sourceTree = "<group>";
		};
		8F1512D71B426F3200289665 /* Supporting Files */ = {
			isa = PBXGroup;
			children = (
				8F1512D81B426F3200289665 /* Info.plist */,
			);
			name = "Supporting Files";
			sourceTree = "<group>";
		};
		8F1512EC1B426F3200289665 /* OrderFormTests */ = {
			isa = PBXGroup;
			children = (
				8F1512EF1B426F3200289665 /* OrderFormTests.swift */,
				8F1512ED1B426F3200289665 /* Supporting Files */,
			);
			path = OrderFormTests;
			sourceTree = "<group>";
		};
		8F1512ED1B426F3200289665 /* Supporting Files */ = {
			isa = PBXGroup;
			children = (
				8F1512EE1B426F3200289665 /* Info.plist */,
			);
			name = "Supporting Files";
			sourceTree = "<group>";
		};
		8F1512FA1B4274FE00289665 /* Views */ = {
			isa = PBXGroup;
			children = (
				8F7ACB041B43836E00EAA932 /* Cells */,
			);
			name = Views;
			sourceTree = "<group>";
		};
		8F1512FF1B427AA800289665 /* Classes */ = {
			isa = PBXGroup;
			children = (
				8F1513001B427AB500289665 /* Player.swift */,
			);
			name = Classes;
			sourceTree = "<group>";
		};
		8F1513021B4282EB00289665 /* Controllers */ = {
			isa = PBXGroup;
			children = (
				8F1513031B42859F00289665 /* EditStartPlayerViewController.swift */,
				8F1512DB1B426F3200289665 /* OrderFormViewController.swift */,
				8F1513051B42B7D400289665 /* EditReservePlayerViewController.swift */,
				8FF71A1F1B44C9DC0001E796 /* PositionViewController.swift */,
				8FF71A211B44E6BC0001E796 /* MainNavigationViewController.swift */,
				8FF71A231B450CF30001E796 /* ChangePlayerTableViewController.swift */,
				8FF71A271B45330F0001E796 /* MainViewController.swift */,
				8FF71A291B4536170001E796 /* SuperViewController.swift */,
			);
			name = Controllers;
			sourceTree = "<group>";
		};
		8F7ACB041B43836E00EAA932 /* Cells */ = {
			isa = PBXGroup;
			children = (
				8F1512FB1B42752300289665 /* StartPlayerTableViewCell.swift */,
				8F1512FD1B427A1D00289665 /* ReservePlayerTableViewCell.swift */,
				8F7ACB0D1B439A4D00EAA932 /* StartPlayerHeaderView.swift */,
				8F7ACB0F1B439A9400EAA932 /* StartPlayerHeaderView.xib */,
				8FF71A1B1B43DD5C0001E796 /* ReservePlayerHeaderView.xib */,
				8FF71A1D1B43DF320001E796 /* ReservePlayerHeaderView.swift */,
				8FF71A251B45163A0001E796 /* NoPlayerTableViewCell.swift */,
			);
			name = Cells;
			sourceTree = "<group>";
		};
/* End PBXGroup section */

/* Begin PBXNativeTarget section */
		8F1512D31B426F3200289665 /* OrderForm */ = {
			isa = PBXNativeTarget;
			buildConfigurationList = 8F1512F31B426F3200289665 /* Build configuration list for PBXNativeTarget "OrderForm" */;
			buildPhases = (
				8F1512D01B426F3200289665 /* Sources */,
				8F1512D11B426F3200289665 /* Frameworks */,
				8F1512D21B426F3200289665 /* Resources */,
				8F1512F91B426F3900289665 /* ShellScript */,
			);
			buildRules = (
			);
			dependencies = (
			);
			name = OrderForm;
			productName = OrderForm;
			productReference = 8F1512D41B426F3200289665 /* OrderForm.app */;
			productType = "com.apple.product-type.application";
		};
		8F1512E81B426F3200289665 /* OrderFormTests */ = {
			isa = PBXNativeTarget;
			buildConfigurationList = 8F1512F61B426F3200289665 /* Build configuration list for PBXNativeTarget "OrderFormTests" */;
			buildPhases = (
				8F1512E51B426F3200289665 /* Sources */,
				8F1512E61B426F3200289665 /* Frameworks */,
				8F1512E71B426F3200289665 /* Resources */,
			);
			buildRules = (
			);
			dependencies = (
				8F1512EB1B426F3200289665 /* PBXTargetDependency */,
			);
			name = OrderFormTests;
			productName = OrderFormTests;
			productReference = 8F1512E91B426F3200289665 /* OrderFormTests.xctest */;
			productType = "com.apple.product-type.bundle.unit-test";
		};
/* End PBXNativeTarget section */

/* Begin PBXProject section */
		8F1512CC1B426F3200289665 /* Project object */ = {
			isa = PBXProject;
			attributes = {
				LastUpgradeCheck = 0630;
				ORGANIZATIONNAME = AirconTW;
				TargetAttributes = {
					8F1512D31B426F3200289665 = {
						CreatedOnToolsVersion = 6.3.2;
						DevelopmentTeam = 2K5477L82X;
					};
					8F1512E81B426F3200289665 = {
						CreatedOnToolsVersion = 6.3.2;
						TestTargetID = 8F1512D31B426F3200289665;
					};
				};
			};
			buildConfigurationList = 8F1512CF1B426F3200289665 /* Build configuration list for PBXProject "OrderForm" */;
			compatibilityVersion = "Xcode 3.2";
			developmentRegion = English;
			hasScannedForEncodings = 0;
			knownRegions = (
				en,
				Base,
			);
			mainGroup = 8F1512CB1B426F3200289665;
			productRefGroup = 8F1512D51B426F3200289665 /* Products */;
			projectDirPath = "";
			projectRoot = "";
			targets = (
				8F1512D31B426F3200289665 /* OrderForm */,
				8F1512E81B426F3200289665 /* OrderFormTests */,
			);
		};
/* End PBXProject section */

/* Begin PBXResourcesBuildPhase section */
		8F1512D21B426F3200289665 /* Resources */ = {
			isa = PBXResourcesBuildPhase;
			buildActionMask = 2147483647;
			files = (
				8F1512DF1B426F3200289665 /* Main.storyboard in Resources */,
				8F7ACB101B439A9400EAA932 /* StartPlayerHeaderView.xib in Resources */,
				8FF71A1C1B43DD5C0001E796 /* ReservePlayerHeaderView.xib in Resources */,
				8F1512E41B426F3200289665 /* LaunchScreen.xib in Resources */,
				8F1512E11B426F3200289665 /* Images.xcassets in Resources */,
			);
			runOnlyForDeploymentPostprocessing = 0;
		};
		8F1512E71B426F3200289665 /* Resources */ = {
			isa = PBXResourcesBuildPhase;
			buildActionMask = 2147483647;
			files = (
			);
			runOnlyForDeploymentPostprocessing = 0;
		};
/* End PBXResourcesBuildPhase section */

/* Begin PBXShellScriptBuildPhase section */
		8F1512F91B426F3900289665 /* ShellScript */ = {
			isa = PBXShellScriptBuildPhase;
			buildActionMask = 2147483647;
			files = (
			);
			inputPaths = (
			);
			outputPaths = (
			);
			runOnlyForDeploymentPostprocessing = 0;
			shellPath = /bin/sh;
			shellScript = "#!/bin/bash\nbuildNumber=$(/usr/libexec/PlistBuddy -c \"Print CFBundleVersion\" \"$INFOPLIST_FILE\")\nbuildNumber=$(($buildNumber + 1))\n/usr/libexec/PlistBuddy -c \"Set :CFBundleVersion $buildNumber\" \"$INFOPLIST_FILE\"";
		};
/* End PBXShellScriptBuildPhase section */

/* Begin PBXSourcesBuildPhase section */
		8F1512D01B426F3200289665 /* Sources */ = {
			isa = PBXSourcesBuildPhase;
			buildActionMask = 2147483647;
			files = (
				8F1512DC1B426F3200289665 /* OrderFormViewController.swift in Sources */,
				8F1512FC1B42752300289665 /* StartPlayerTableViewCell.swift in Sources */,
				8F1513041B42859F00289665 /* EditStartPlayerViewController.swift in Sources */,
				8F1512FE1B427A1D00289665 /* ReservePlayerTableViewCell.swift in Sources */,
				8F1513011B427AB500289665 /* Player.swift in Sources */,
				8FF71A1E1B43DF320001E796 /* ReservePlayerHeaderView.swift in Sources */,
				8FF71A241B450CF30001E796 /* ChangePlayerTableViewController.swift in Sources */,
				8FF71A2A1B4536170001E796 /* SuperViewController.swift in Sources */,
				8FF71A281B45330F0001E796 /* MainViewController.swift in Sources */,
				8F7ACB0E1B439A4D00EAA932 /* StartPlayerHeaderView.swift in Sources */,
				8FF71A261B45163A0001E796 /* NoPlayerTableViewCell.swift in Sources */,
				8FF71A201B44C9DC0001E796 /* PositionViewController.swift in Sources */,
				8FF71A221B44E6BC0001E796 /* MainNavigationViewController.swift in Sources */,
				8F1513061B42B7D400289665 /* EditReservePlayerViewController.swift in Sources */,
				8F1512DA1B426F3200289665 /* AppDelegate.swift in Sources */,
			);
			runOnlyForDeploymentPostprocessing = 0;
		};
		8F1512E51B426F3200289665 /* Sources */ = {
			isa = PBXSourcesBuildPhase;
			buildActionMask = 2147483647;
			files = (
				8F1512F01B426F3200289665 /* OrderFormTests.swift in Sources */,
			);
			runOnlyForDeploymentPostprocessing = 0;
		};
/* End PBXSourcesBuildPhase section */

/* Begin PBXTargetDependency section */
		8F1512EB1B426F3200289665 /* PBXTargetDependency */ = {
			isa = PBXTargetDependency;
			target = 8F1512D31B426F3200289665 /* OrderForm */;
			targetProxy = 8F1512EA1B426F3200289665 /* PBXContainerItemProxy */;
		};
/* End PBXTargetDependency section */

/* Begin PBXVariantGroup section */
		8F1512DD1B426F3200289665 /* Main.storyboard */ = {
			isa = PBXVariantGroup;
			children = (
				8F1512DE1B426F3200289665 /* Base */,
			);
			name = Main.storyboard;
			sourceTree = "<group>";
		};
		8F1512E21B426F3200289665 /* LaunchScreen.xib */ = {
			isa = PBXVariantGroup;
			children = (
				8F1512E31B426F3200289665 /* Base */,
			);
			name = LaunchScreen.xib;
			sourceTree = "<group>";
		};
/* End PBXVariantGroup section */

/* Begin XCBuildConfiguration section */
		8F1512F11B426F3200289665 /* Debug */ = {
			isa = XCBuildConfiguration;
			buildSettings = {
				ALWAYS_SEARCH_USER_PATHS = NO;
				CLANG_CXX_LANGUAGE_STANDARD = "gnu++0x";
				CLANG_CXX_LIBRARY = "libc++";
				CLANG_ENABLE_MODULES = YES;
				CLANG_ENABLE_OBJC_ARC = YES;
				CLANG_WARN_BOOL_CONVERSION = YES;
				CLANG_WARN_CONSTANT_CONVERSION = YES;
				CLANG_WARN_DIRECT_OBJC_ISA_USAGE = YES_ERROR;
				CLANG_WARN_EMPTY_BODY = YES;
				CLANG_WARN_ENUM_CONVERSION = YES;
				CLANG_WARN_INT_CONVERSION = YES;
				CLANG_WARN_OBJC_ROOT_CLASS = YES_ERROR;
				CLANG_WARN_UNREACHABLE_CODE = YES;
				CLANG_WARN__DUPLICATE_METHOD_MATCH = YES;
				"CODE_SIGN_IDENTITY[sdk=iphoneos*]" = "iPhone Developer";
				COPY_PHASE_STRIP = NO;
				DEBUG_INFORMATION_FORMAT = "dwarf-with-dsym";
				ENABLE_STRICT_OBJC_MSGSEND = YES;
				GCC_C_LANGUAGE_STANDARD = gnu99;
				GCC_DYNAMIC_NO_PIC = NO;
				GCC_NO_COMMON_BLOCKS = YES;
				GCC_OPTIMIZATION_LEVEL = 0;
				GCC_PREPROCESSOR_DEFINITIONS = (
					"DEBUG=1",
					"$(inherited)",
				);
				GCC_SYMBOLS_PRIVATE_EXTERN = NO;
				GCC_WARN_64_TO_32_BIT_CONVERSION = YES;
				GCC_WARN_ABOUT_RETURN_TYPE = YES_ERROR;
				GCC_WARN_UNDECLARED_SELECTOR = YES;
				GCC_WARN_UNINITIALIZED_AUTOS = YES_AGGRESSIVE;
				GCC_WARN_UNUSED_FUNCTION = YES;
				GCC_WARN_UNUSED_VARIABLE = YES;
				IPHONEOS_DEPLOYMENT_TARGET = 8.3;
				MTL_ENABLE_DEBUG_INFO = YES;
				ONLY_ACTIVE_ARCH = YES;
				SDKROOT = iphoneos;
				SWIFT_OPTIMIZATION_LEVEL = "-Onone";
				TARGETED_DEVICE_FAMILY = "1,2";
			};
			name = Debug;
		};
		8F1512F21B426F3200289665 /* Release */ = {
			isa = XCBuildConfiguration;
			buildSettings = {
				ALWAYS_SEARCH_USER_PATHS = NO;
				CLANG_CXX_LANGUAGE_STANDARD = "gnu++0x";
				CLANG_CXX_LIBRARY = "libc++";
				CLANG_ENABLE_MODULES = YES;
				CLANG_ENABLE_OBJC_ARC = YES;
				CLANG_WARN_BOOL_CONVERSION = YES;
				CLANG_WARN_CONSTANT_CONVERSION = YES;
				CLANG_WARN_DIRECT_OBJC_ISA_USAGE = YES_ERROR;
				CLANG_WARN_EMPTY_BODY = YES;
				CLANG_WARN_ENUM_CONVERSION = YES;
				CLANG_WARN_INT_CONVERSION = YES;
				CLANG_WARN_OBJC_ROOT_CLASS = YES_ERROR;
				CLANG_WARN_UNREACHABLE_CODE = YES;
				CLANG_WARN__DUPLICATE_METHOD_MATCH = YES;
				"CODE_SIGN_IDENTITY[sdk=iphoneos*]" = "iPhone Developer";
				COPY_PHASE_STRIP = NO;
				DEBUG_INFORMATION_FORMAT = "dwarf-with-dsym";
				ENABLE_NS_ASSERTIONS = NO;
				ENABLE_STRICT_OBJC_MSGSEND = YES;
				GCC_C_LANGUAGE_STANDARD = gnu99;
				GCC_NO_COMMON_BLOCKS = YES;
				GCC_WARN_64_TO_32_BIT_CONVERSION = YES;
				GCC_WARN_ABOUT_RETURN_TYPE = YES_ERROR;
				GCC_WARN_UNDECLARED_SELECTOR = YES;
				GCC_WARN_UNINITIALIZED_AUTOS = YES_AGGRESSIVE;
				GCC_WARN_UNUSED_FUNCTION = YES;
				GCC_WARN_UNUSED_VARIABLE = YES;
				IPHONEOS_DEPLOYMENT_TARGET = 8.3;
				MTL_ENABLE_DEBUG_INFO = NO;
				SDKROOT = iphoneos;
				TARGETED_DEVICE_FAMILY = "1,2";
				VALIDATE_PRODUCT = YES;
			};
			name = Release;
		};
		8F1512F41B426F3200289665 /* Debug */ = {
			isa = XCBuildConfiguration;
			buildSettings = {
				ASSETCATALOG_COMPILER_APPICON_NAME = AppIcon;
				CODE_SIGN_IDENTITY = "iPhone Developer";
				INFOPLIST_FILE = OrderForm/Info.plist;
				LD_RUNPATH_SEARCH_PATHS = "$(inherited) @executable_path/Frameworks";
				PRODUCT_NAME = "$(TARGET_NAME)";
			};
			name = Debug;
		};
		8F1512F51B426F3200289665 /* Release */ = {
			isa = XCBuildConfiguration;
			buildSettings = {
				ASSETCATALOG_COMPILER_APPICON_NAME = AppIcon;
				CODE_SIGN_IDENTITY = "iPhone Developer";
				INFOPLIST_FILE = OrderForm/Info.plist;
				LD_RUNPATH_SEARCH_PATHS = "$(inherited) @executable_path/Frameworks";
				PRODUCT_NAME = "$(TARGET_NAME)";
			};
			name = Release;
		};
		8F1512F71B426F3200289665 /* Debug */ = {
			isa = XCBuildConfiguration;
			buildSettings = {
				BUNDLE_LOADER = "$(TEST_HOST)";
				FRAMEWORK_SEARCH_PATHS = (
					"$(SDKROOT)/Developer/Library/Frameworks",
					"$(inherited)",
				);
				GCC_PREPROCESSOR_DEFINITIONS = (
					"DEBUG=1",
					"$(inherited)",
				);
				INFOPLIST_FILE = OrderFormTests/Info.plist;
				LD_RUNPATH_SEARCH_PATHS = "$(inherited) @executable_path/Frameworks @loader_path/Frameworks";
				PRODUCT_NAME = "$(TARGET_NAME)";
				TEST_HOST = "$(BUILT_PRODUCTS_DIR)/OrderForm.app/OrderForm";
			};
			name = Debug;
		};
		8F1512F81B426F3200289665 /* Release */ = {
			isa = XCBuildConfiguration;
			buildSettings = {
				BUNDLE_LOADER = "$(TEST_HOST)";
				FRAMEWORK_SEARCH_PATHS = (
					"$(SDKROOT)/Developer/Library/Frameworks",
					"$(inherited)",
				);
				INFOPLIST_FILE = OrderFormTests/Info.plist;
				LD_RUNPATH_SEARCH_PATHS = "$(inherited) @executable_path/Frameworks @loader_path/Frameworks";
				PRODUCT_NAME = "$(TARGET_NAME)";
				TEST_HOST = "$(BUILT_PRODUCTS_DIR)/OrderForm.app/OrderForm";
			};
			name = Release;
		};
/* End XCBuildConfiguration section */

/* Begin XCConfigurationList section */
		8F1512CF1B426F3200289665 /* Build configuration list for PBXProject "OrderForm" */ = {
			isa = XCConfigurationList;
			buildConfigurations = (
				8F1512F11B426F3200289665 /* Debug */,
				8F1512F21B426F3200289665 /* Release */,
			);
			defaultConfigurationIsVisible = 0;
			defaultConfigurationName = Release;
		};
		8F1512F31B426F3200289665 /* Build configuration list for PBXNativeTarget "OrderForm" */ = {
			isa = XCConfigurationList;
			buildConfigurations = (
				8F1512F41B426F3200289665 /* Debug */,
				8F1512F51B426F3200289665 /* Release */,
			);
			defaultConfigurationIsVisible = 0;
			defaultConfigurationName = Release;
		};
		8F1512F61B426F3200289665 /* Build configuration list for PBXNativeTarget "OrderFormTests" */ = {
			isa = XCConfigurationList;
			buildConfigurations = (
				8F1512F71B426F3200289665 /* Debug */,
				8F1512F81B426F3200289665 /* Release */,
			);
			defaultConfigurationIsVisible = 0;
			defaultConfigurationName = Release;
		};
/* End XCConfigurationList section */
	};
	rootObject = 8F1512CC1B426F3200289665 /* Project object */;
}
