// !$*UTF8*$!
{
	archiveVersion = 1;
	classes = {
	};
	objectVersion = 46;
	objects = {

/* Begin PBXBuildFile section */
		8F1512DA1B426F3200289665 /* AppDelegate.swift in Sources */ = {isa = PBXBuildFile; fileRef = 8F1512D91B426F3200289665 /* AppDelegate.swift */; };
		8F1512DC1B426F3200289665 /* OrderFormViewController.swift in Sources */ = {isa = PBXBuildFile; fileRef = 8F1512DB1B426F3200289665 /* OrderFormViewController.swift */; };
		8F1512DF1B426F3200289665 /* Main.storyboard in Resources */ = {isa = PBXBuildFile; fileRef = 8F1512DD1B426F3200289665 /* Main.storyboard */; };
		8F1512E11B426F3200289665 /* Images.xcassets in Resources */ = {isa = PBXBuildFile; fileRef = 8F1512E01B426F3200289665 /* Images.xcassets */; };
		8F1512F01B426F3200289665 /* OrderFormTests.swift in Sources */ = {isa = PBXBuildFile; fileRef = 8F1512EF1B426F3200289665 /* OrderFormTests.swift */; };
		8F1512FC1B42752300289665 /* StartPlayerTableViewCell.swift in Sources */ = {isa = PBXBuildFile; fileRef = 8F1512FB1B42752300289665 /* StartPlayerTableViewCell.swift */; };
		8F1512FE1B427A1D00289665 /* ReservePlayerTableViewCell.swift in Sources */ = {isa = PBXBuildFile; fileRef = 8F1512FD1B427A1D00289665 /* ReservePlayerTableViewCell.swift */; };
		8F1513011B427AB500289665 /* Player.swift in Sources */ = {isa = PBXBuildFile; fileRef = 8F1513001B427AB500289665 /* Player.swift */; };
		8F1513041B42859F00289665 /* EditStartPlayerViewController.swift in Sources */ = {isa = PBXBuildFile; fileRef = 8F1513031B42859F00289665 /* EditStartPlayerViewController.swift */; };
		8F1513061B42B7D400289665 /* EditReservePlayerViewController.swift in Sources */ = {isa = PBXBuildFile; fileRef = 8F1513051B42B7D400289665 /* EditReservePlayerViewController.swift */; };
		8F7ACB0E1B439A4D00EAA932 /* StartPlayerHeaderView.swift in Sources */ = {isa = PBXBuildFile; fileRef = 8F7ACB0D1B439A4D00EAA932 /* StartPlayerHeaderView.swift */; };
		8F7ACB101B439A9400EAA932 /* StartPlayerHeaderView.xib in Resources */ = {isa = PBXBuildFile; fileRef = 8F7ACB0F1B439A9400EAA932 /* StartPlayerHeaderView.xib */; };
		8FDF434E1B48353B00883F12 /* AdSupport.framework in Frameworks */ = {isa = PBXBuildFile; fileRef = 8FDF434D1B48353B00883F12 /* AdSupport.framework */; };
		8FDF43501B48354000883F12 /* AudioToolbox.framework in Frameworks */ = {isa = PBXBuildFile; fileRef = 8FDF434F1B48354000883F12 /* AudioToolbox.framework */; };
		8FDF43521B48354800883F12 /* AVFoundation.framework in Frameworks */ = {isa = PBXBuildFile; fileRef = 8FDF43511B48354800883F12 /* AVFoundation.framework */; };
		8FDF43541B48355000883F12 /* CoreGraphics.framework in Frameworks */ = {isa = PBXBuildFile; fileRef = 8FDF43531B48355000883F12 /* CoreGraphics.framework */; };
		8FDF43561B48355600883F12 /* CoreMedia.framework in Frameworks */ = {isa = PBXBuildFile; fileRef = 8FDF43551B48355600883F12 /* CoreMedia.framework */; };
		8FDF43581B48355C00883F12 /* CoreTelephony.framework in Frameworks */ = {isa = PBXBuildFile; fileRef = 8FDF43571B48355C00883F12 /* CoreTelephony.framework */; };
		8FDF435B1B48356600883F12 /* EventKit.framework in Frameworks */ = {isa = PBXBuildFile; fileRef = 8FDF43591B48356600883F12 /* EventKit.framework */; };
		8FDF435C1B48356600883F12 /* EventKitUI.framework in Frameworks */ = {isa = PBXBuildFile; fileRef = 8FDF435A1B48356600883F12 /* EventKitUI.framework */; };
		8FDF435E1B48356C00883F12 /* MessageUI.framework in Frameworks */ = {isa = PBXBuildFile; fileRef = 8FDF435D1B48356C00883F12 /* MessageUI.framework */; };
		8FDF43601B48357300883F12 /* StoreKit.framework in Frameworks */ = {isa = PBXBuildFile; fileRef = 8FDF435F1B48357300883F12 /* StoreKit.framework */; };
		8FDF43621B48357900883F12 /* SystemConfiguration.framework in Frameworks */ = {isa = PBXBuildFile; fileRef = 8FDF43611B48357900883F12 /* SystemConfiguration.framework */; };
		8FF71A1C1B43DD5C0001E796 /* ReservePlayerHeaderView.xib in Resources */ = {isa = PBXBuildFile; fileRef = 8FF71A1B1B43DD5C0001E796 /* ReservePlayerHeaderView.xib */; };
		8FF71A1E1B43DF320001E796 /* ReservePlayerHeaderView.swift in Sources */ = {isa = PBXBuildFile; fileRef = 8FF71A1D1B43DF320001E796 /* ReservePlayerHeaderView.swift */; };
		8FF71A201B44C9DC0001E796 /* PositionViewController.swift in Sources */ = {isa = PBXBuildFile; fileRef = 8FF71A1F1B44C9DC0001E796 /* PositionViewController.swift */; };
		8FF71A221B44E6BC0001E796 /* MainNavigationViewController.swift in Sources */ = {isa = PBXBuildFile; fileRef = 8FF71A211B44E6BC0001E796 /* MainNavigationViewController.swift */; };
		8FF71A241B450CF30001E796 /* ChangePlayerTableViewController.swift in Sources */ = {isa = PBXBuildFile; fileRef = 8FF71A231B450CF30001E796 /* ChangePlayerTableViewController.swift */; };
		8FF71A261B45163A0001E796 /* NoPlayerTableViewCell.swift in Sources */ = {isa = PBXBuildFile; fileRef = 8FF71A251B45163A0001E796 /* NoPlayerTableViewCell.swift */; };
		8FF71A281B45330F0001E796 /* MainViewController.swift in Sources */ = {isa = PBXBuildFile; fileRef = 8FF71A271B45330F0001E796 /* MainViewController.swift */; };
		8FF71A2A1B4536170001E796 /* SuperViewController.swift in Sources */ = {isa = PBXBuildFile; fileRef = 8FF71A291B4536170001E796 /* SuperViewController.swift */; };
		8FF71A3E1B4637240001E796 /* PlayerListTableViewController.swift in Sources */ = {isa = PBXBuildFile; fileRef = 8FF71A3D1B4637240001E796 /* PlayerListTableViewController.swift */; };
		8FF71A421B47B48C0001E796 /* Fabric.framework in Frameworks */ = {isa = PBXBuildFile; fileRef = 8FF71A401B47B48C0001E796 /* Fabric.framework */; };
		8FF71A431B47B48C0001E796 /* Crashlytics.framework in Frameworks */ = {isa = PBXBuildFile; fileRef = 8FF71A411B47B48C0001E796 /* Crashlytics.framework */; };
		C0F99913EA60619AE1D4040A /* Pods.framework in Frameworks */ = {isa = PBXBuildFile; fileRef = E9CCFEFCD284FD9432874FD7 /* Pods.framework */; settings = {ATTRIBUTES = (Weak, ); }; };
/* End PBXBuildFile section */

/* Begin PBXContainerItemProxy section */
		8F1512EA1B426F3200289665 /* PBXContainerItemProxy */ = {
			isa = PBXContainerItemProxy;
			containerPortal = 8F1512CC1B426F3200289665 /* Project object */;
			proxyType = 1;
			remoteGlobalIDString = 8F1512D31B426F3200289665;
			remoteInfo = OrderForm;
		};
/* End PBXContainerItemProxy section */

/* Begin PBXFileReference section */
		28E069BA0A19BDE4F1470205 /* Pods.release.xcconfig */ = {isa = PBXFileReference; includeInIndex = 1; lastKnownFileType = text.xcconfig; name = Pods.release.xcconfig; path = "Pods/Target Support Files/Pods/Pods.release.xcconfig"; sourceTree = "<group>"; };
		8F1512D41B426F3200289665 /* OrderForm.app */ = {isa = PBXFileReference; explicitFileType = wrapper.application; includeInIndex = 0; path = OrderForm.app; sourceTree = BUILT_PRODUCTS_DIR; };
		8F1512D81B426F3200289665 /* Info.plist */ = {isa = PBXFileReference; lastKnownFileType = text.plist.xml; path = Info.plist; sourceTree = "<group>"; };
		8F1512D91B426F3200289665 /* AppDelegate.swift */ = {isa = PBXFileReference; lastKnownFileType = sourcecode.swift; path = AppDelegate.swift; sourceTree = "<group>"; };
		8F1512DB1B426F3200289665 /* OrderFormViewController.swift */ = {isa = PBXFileReference; lastKnownFileType = sourcecode.swift; path = OrderFormViewController.swift; sourceTree = "<group>"; };
		8F1512DE1B426F3200289665 /* Base */ = {isa = PBXFileReference; lastKnownFileType = file.storyboard; name = Base; path = Base.lproj/Main.storyboard; sourceTree = "<group>"; };
		8F1512E01B426F3200289665 /* Images.xcassets */ = {isa = PBXFileReference; lastKnownFileType = folder.assetcatalog; path = Images.xcassets; sourceTree = "<group>"; };
		8F1512E91B426F3200289665 /* OrderFormTests.xctest */ = {isa = PBXFileReference; explicitFileType = wrapper.cfbundle; includeInIndex = 0; path = OrderFormTests.xctest; sourceTree = BUILT_PRODUCTS_DIR; };
		8F1512EE1B426F3200289665 /* Info.plist */ = {isa = PBXFileReference; lastKnownFileType = text.plist.xml; path = Info.plist; sourceTree = "<group>"; };
		8F1512EF1B426F3200289665 /* OrderFormTests.swift */ = {isa = PBXFileReference; lastKnownFileType = sourcecode.swift; path = OrderFormTests.swift; sourceTree = "<group>"; };
		8F1512FB1B42752300289665 /* StartPlayerTableViewCell.swift */ = {isa = PBXFileReference; fileEncoding = 4; lastKnownFileType = sourcecode.swift; path = StartPlayerTableViewCell.swift; sourceTree = "<group>"; };
		8F1512FD1B427A1D00289665 /* ReservePlayerTableViewCell.swift */ = {isa = PBXFileReference; fileEncoding = 4; lastKnownFileType = sourcecode.swift; path = ReservePlayerTableViewCell.swift; sourceTree = "<group>"; };
		8F1513001B427AB500289665 /* Player.swift */ = {isa = PBXFileReference; fileEncoding = 4; lastKnownFileType = sourcecode.swift; path = Player.swift; sourceTree = "<group>"; };
		8F1513031B42859F00289665 /* EditStartPlayerViewController.swift */ = {isa = PBXFileReference; fileEncoding = 4; lastKnownFileType = sourcecode.swift; path = EditStartPlayerViewController.swift; sourceTree = "<group>"; };
		8F1513051B42B7D400289665 /* EditReservePlayerViewController.swift */ = {isa = PBXFileReference; fileEncoding = 4; lastKnownFileType = sourcecode.swift; path = EditReservePlayerViewController.swift; sourceTree = "<group>"; };
		8F7ACB0D1B439A4D00EAA932 /* StartPlayerHeaderView.swift */ = {isa = PBXFileReference; fileEncoding = 4; lastKnownFileType = sourcecode.swift; path = StartPlayerHeaderView.swift; sourceTree = "<group>"; };
		8F7ACB0F1B439A9400EAA932 /* StartPlayerHeaderView.xib */ = {isa = PBXFileReference; fileEncoding = 4; lastKnownFileType = file.xib; path = StartPlayerHeaderView.xib; sourceTree = "<group>"; };
		8FDF434D1B48353B00883F12 /* AdSupport.framework */ = {isa = PBXFileReference; lastKnownFileType = wrapper.framework; name = AdSupport.framework; path = System/Library/Frameworks/AdSupport.framework; sourceTree = SDKROOT; };
		8FDF434F1B48354000883F12 /* AudioToolbox.framework */ = {isa = PBXFileReference; lastKnownFileType = wrapper.framework; name = AudioToolbox.framework; path = System/Library/Frameworks/AudioToolbox.framework; sourceTree = SDKROOT; };
		8FDF43511B48354800883F12 /* AVFoundation.framework */ = {isa = PBXFileReference; lastKnownFileType = wrapper.framework; name = AVFoundation.framework; path = System/Library/Frameworks/AVFoundation.framework; sourceTree = SDKROOT; };
		8FDF43531B48355000883F12 /* CoreGraphics.framework */ = {isa = PBXFileReference; lastKnownFileType = wrapper.framework; name = CoreGraphics.framework; path = System/Library/Frameworks/CoreGraphics.framework; sourceTree = SDKROOT; };
		8FDF43551B48355600883F12 /* CoreMedia.framework */ = {isa = PBXFileReference; lastKnownFileType = wrapper.framework; name = CoreMedia.framework; path = System/Library/Frameworks/CoreMedia.framework; sourceTree = SDKROOT; };
		8FDF43571B48355C00883F12 /* CoreTelephony.framework */ = {isa = PBXFileReference; lastKnownFileType = wrapper.framework; name = CoreTelephony.framework; path = System/Library/Frameworks/CoreTelephony.framework; sourceTree = SDKROOT; };
		8FDF43591B48356600883F12 /* EventKit.framework */ = {isa = PBXFileReference; lastKnownFileType = wrapper.framework; name = EventKit.framework; path = System/Library/Frameworks/EventKit.framework; sourceTree = SDKROOT; };
		8FDF435A1B48356600883F12 /* EventKitUI.framework */ = {isa = PBXFileReference; lastKnownFileType = wrapper.framework; name = EventKitUI.framework; path = System/Library/Frameworks/EventKitUI.framework; sourceTree = SDKROOT; };
		8FDF435D1B48356C00883F12 /* MessageUI.framework */ = {isa = PBXFileReference; lastKnownFileType = wrapper.framework; name = MessageUI.framework; path = System/Library/Frameworks/MessageUI.framework; sourceTree = SDKROOT; };
		8FDF435F1B48357300883F12 /* StoreKit.framework */ = {isa = PBXFileReference; lastKnownFileType = wrapper.framework; name = StoreKit.framework; path = System/Library/Frameworks/StoreKit.framework; sourceTree = SDKROOT; };
		8FDF43611B48357900883F12 /* SystemConfiguration.framework */ = {isa = PBXFileReference; lastKnownFileType = wrapper.framework; name = SystemConfiguration.framework; path = System/Library/Frameworks/SystemConfiguration.framework; sourceTree = SDKROOT; };
		8FF71A1B1B43DD5C0001E796 /* ReservePlayerHeaderView.xib */ = {isa = PBXFileReference; fileEncoding = 4; lastKnownFileType = file.xib; path = ReservePlayerHeaderView.xib; sourceTree = "<group>"; };
		8FF71A1D1B43DF320001E796 /* ReservePlayerHeaderView.swift */ = {isa = PBXFileReference; fileEncoding = 4; lastKnownFileType = sourcecode.swift; path = ReservePlayerHeaderView.swift; sourceTree = "<group>"; };
		8FF71A1F1B44C9DC0001E796 /* PositionViewController.swift */ = {isa = PBXFileReference; fileEncoding = 4; lastKnownFileType = sourcecode.swift; path = PositionViewController.swift; sourceTree = "<group>"; };
		8FF71A211B44E6BC0001E796 /* MainNavigationViewController.swift */ = {isa = PBXFileReference; fileEncoding = 4; lastKnownFileType = sourcecode.swift; path = MainNavigationViewController.swift; sourceTree = "<group>"; };
		8FF71A231B450CF30001E796 /* ChangePlayerTableViewController.swift */ = {isa = PBXFileReference; fileEncoding = 4; lastKnownFileType = sourcecode.swift; path = ChangePlayerTableViewController.swift; sourceTree = "<group>"; };
		8FF71A251B45163A0001E796 /* NoPlayerTableViewCell.swift */ = {isa = PBXFileReference; fileEncoding = 4; lastKnownFileType = sourcecode.swift; path = NoPlayerTableViewCell.swift; sourceTree = "<group>"; };
		8FF71A271B45330F0001E796 /* MainViewController.swift */ = {isa = PBXFileReference; fileEncoding = 4; lastKnownFileType = sourcecode.swift; path = MainViewController.swift; sourceTree = "<group>"; };
		8FF71A291B4536170001E796 /* SuperViewController.swift */ = {isa = PBXFileReference; fileEncoding = 4; lastKnownFileType = sourcecode.swift; path = SuperViewController.swift; sourceTree = "<group>"; };
		8FF71A2B1B456C060001E796 /* OrderForm-Bridging-Header.h */ = {isa = PBXFileReference; lastKnownFileType = sourcecode.c.h; path = "OrderForm-Bridging-Header.h"; sourceTree = "<group>"; };
		8FF71A2F1B4571FE0001E796 /* libsqlite3.dylib */ = {isa = PBXFileReference; lastKnownFileType = "compiled.mach-o.dylib"; name = libsqlite3.dylib; path = usr/lib/libsqlite3.dylib; sourceTree = SDKROOT; };
		8FF71A3D1B4637240001E796 /* PlayerListTableViewController.swift */ = {isa = PBXFileReference; fileEncoding = 4; lastKnownFileType = sourcecode.swift; path = PlayerListTableViewController.swift; sourceTree = "<group>"; };
		8FF71A401B47B48C0001E796 /* Fabric.framework */ = {isa = PBXFileReference; lastKnownFileType = wrapper.framework; path = Fabric.framework; sourceTree = "<group>"; };
		8FF71A411B47B48C0001E796 /* Crashlytics.framework */ = {isa = PBXFileReference; lastKnownFileType = wrapper.framework; path = Crashlytics.framework; sourceTree = "<group>"; };
		E298C22B17F6F39C49AAA989 /* Pods.debug.xcconfig */ = {isa = PBXFileReference; includeInIndex = 1; lastKnownFileType = text.xcconfig; name = Pods.debug.xcconfig; path = "Pods/Target Support Files/Pods/Pods.debug.xcconfig"; sourceTree = "<group>"; };
		E9CCFEFCD284FD9432874FD7 /* Pods.framework */ = {isa = PBXFileReference; explicitFileType = wrapper.framework; includeInIndex = 0; path = Pods.framework; sourceTree = BUILT_PRODUCTS_DIR; };
/* End PBXFileReference section */

/* Begin PBXFrameworksBuildPhase section */
		8F1512D11B426F3200289665 /* Frameworks */ = {
			isa = PBXFrameworksBuildPhase;
			buildActionMask = 2147483647;
			files = (
				8FDF43621B48357900883F12 /* SystemConfiguration.framework in Frameworks */,
				8FDF43601B48357300883F12 /* StoreKit.framework in Frameworks */,
				8FDF435E1B48356C00883F12 /* MessageUI.framework in Frameworks */,
				8FDF435B1B48356600883F12 /* EventKit.framework in Frameworks */,
				8FDF435C1B48356600883F12 /* EventKitUI.framework in Frameworks */,
				8FDF43581B48355C00883F12 /* CoreTelephony.framework in Frameworks */,
				8FDF43561B48355600883F12 /* CoreMedia.framework in Frameworks */,
				8FDF43541B48355000883F12 /* CoreGraphics.framework in Frameworks */,
				8FDF43521B48354800883F12 /* AVFoundation.framework in Frameworks */,
				8FDF43501B48354000883F12 /* AudioToolbox.framework in Frameworks */,
				8FDF434E1B48353B00883F12 /* AdSupport.framework in Frameworks */,
				C0F99913EA60619AE1D4040A /* Pods.framework in Frameworks */,
				8FF71A431B47B48C0001E796 /* Crashlytics.framework in Frameworks */,
				8FF71A421B47B48C0001E796 /* Fabric.framework in Frameworks */,
			);
			runOnlyForDeploymentPostprocessing = 0;
		};
		8F1512E61B426F3200289665 /* Frameworks */ = {
			isa = PBXFrameworksBuildPhase;
			buildActionMask = 2147483647;
			files = (
			);
			runOnlyForDeploymentPostprocessing = 0;
		};
/* End PBXFrameworksBuildPhase section */

/* Begin PBXGroup section */
		82F2189FAA8933AB5EC72F8D /* Pods */ = {
			isa = PBXGroup;
			children = (
				E298C22B17F6F39C49AAA989 /* Pods.debug.xcconfig */,
				28E069BA0A19BDE4F1470205 /* Pods.release.xcconfig */,
			);
			name = Pods;
			sourceTree = "<group>";
		};
		87D56C28ABAEA5F6D309CCEC /* Frameworks */ = {
			isa = PBXGroup;
			children = (
				8FDF43611B48357900883F12 /* SystemConfiguration.framework */,
				8FDF435F1B48357300883F12 /* StoreKit.framework */,
				8FDF435D1B48356C00883F12 /* MessageUI.framework */,
				8FDF43591B48356600883F12 /* EventKit.framework */,
				8FDF435A1B48356600883F12 /* EventKitUI.framework */,
				8FDF43571B48355C00883F12 /* CoreTelephony.framework */,
				8FDF43551B48355600883F12 /* CoreMedia.framework */,
				8FDF43531B48355000883F12 /* CoreGraphics.framework */,
				8FDF43511B48354800883F12 /* AVFoundation.framework */,
				8FDF434F1B48354000883F12 /* AudioToolbox.framework */,
				8FDF434D1B48353B00883F12 /* AdSupport.framework */,
				8FF71A2F1B4571FE0001E796 /* libsqlite3.dylib */,
				E9CCFEFCD284FD9432874FD7 /* Pods.framework */,
			);
			name = Frameworks;
			sourceTree = "<group>";
		};
		8F1512CB1B426F3200289665 = {
			isa = PBXGroup;
			children = (
				8FF71A401B47B48C0001E796 /* Fabric.framework */,
				8FF71A411B47B48C0001E796 /* Crashlytics.framework */,
				8F1512D61B426F3200289665 /* OrderForm */,
				8F1512EC1B426F3200289665 /* OrderFormTests */,
				8F1512D51B426F3200289665 /* Products */,
				82F2189FAA8933AB5EC72F8D /* Pods */,
				87D56C28ABAEA5F6D309CCEC /* Frameworks */,
			);
			sourceTree = "<group>";
		};
		8F1512D51B426F3200289665 /* Products */ = {
			isa = PBXGroup;
			children = (
				8F1512D41B426F3200289665 /* OrderForm.app */,
				8F1512E91B426F3200289665 /* OrderFormTests.xctest */,
			);
			name = Products;
			sourceTree = "<group>";
		};
		8F1512D61B426F3200289665 /* OrderForm */ = {
			isa = PBXGroup;
			children = (
				8F1512D91B426F3200289665 /* AppDelegate.swift */,
				8FF71A2B1B456C060001E796 /* OrderForm-Bridging-Header.h */,
				8F1513021B4282EB00289665 /* Controllers */,
				8F1512FF1B427AA800289665 /* Classes */,
				8F1512FA1B4274FE00289665 /* Views */,
				8F1512DD1B426F3200289665 /* Main.storyboard */,
				8F1512E01B426F3200289665 /* Images.xcassets */,
				8F1512D71B426F3200289665 /* Supporting Files */,
			);
			path = OrderForm;
			sourceTree = "<group>";
		};
		8F1512D71B426F3200289665 /* Supporting Files */ = {
			isa = PBXGroup;
			children = (
				8F1512D81B426F3200289665 /* Info.plist */,
			);
			name = "Supporting Files";
			sourceTree = "<group>";
		};
		8F1512EC1B426F3200289665 /* OrderFormTests */ = {
			isa = PBXGroup;
			children = (
				8F1512EF1B426F3200289665 /* OrderFormTests.swift */,
				8F1512ED1B426F3200289665 /* Supporting Files */,
			);
			path = OrderFormTests;
			sourceTree = "<group>";
		};
		8F1512ED1B426F3200289665 /* Supporting Files */ = {
			isa = PBXGroup;
			children = (
				8F1512EE1B426F3200289665 /* Info.plist */,
			);
			name = "Supporting Files";
			sourceTree = "<group>";
		};
		8F1512FA1B4274FE00289665 /* Views */ = {
			isa = PBXGroup;
			children = (
				8F7ACB041B43836E00EAA932 /* Cells */,
			);
			name = Views;
			sourceTree = "<group>";
		};
		8F1512FF1B427AA800289665 /* Classes */ = {
			isa = PBXGroup;
			children = (
				8F1513001B427AB500289665 /* Player.swift */,
			);
			name = Classes;
			sourceTree = "<group>";
		};
		8F1513021B4282EB00289665 /* Controllers */ = {
			isa = PBXGroup;
			children = (
				8FF71A291B4536170001E796 /* SuperViewController.swift */,
				8FF71A271B45330F0001E796 /* MainViewController.swift */,
				8FF71A211B44E6BC0001E796 /* MainNavigationViewController.swift */,
				8F1513031B42859F00289665 /* EditStartPlayerViewController.swift */,
				8F1512DB1B426F3200289665 /* OrderFormViewController.swift */,
				8F1513051B42B7D400289665 /* EditReservePlayerViewController.swift */,
				8FF71A1F1B44C9DC0001E796 /* PositionViewController.swift */,
				8FF71A231B450CF30001E796 /* ChangePlayerTableViewController.swift */,
				8FF71A3D1B4637240001E796 /* PlayerListTableViewController.swift */,
			);
			name = Controllers;
			sourceTree = "<group>";
		};
		8F7ACB041B43836E00EAA932 /* Cells */ = {
			isa = PBXGroup;
			children = (
				8F1512FB1B42752300289665 /* StartPlayerTableViewCell.swift */,
				8F1512FD1B427A1D00289665 /* ReservePlayerTableViewCell.swift */,
				8F7ACB0D1B439A4D00EAA932 /* StartPlayerHeaderView.swift */,
				8F7ACB0F1B439A9400EAA932 /* StartPlayerHeaderView.xib */,
				8FF71A1B1B43DD5C0001E796 /* ReservePlayerHeaderView.xib */,
				8FF71A1D1B43DF320001E796 /* ReservePlayerHeaderView.swift */,
				8FF71A251B45163A0001E796 /* NoPlayerTableViewCell.swift */,
			);
			name = Cells;
			sourceTree = "<group>";
		};
/* End PBXGroup section */

/* Begin PBXNativeTarget section */
		8F1512D31B426F3200289665 /* OrderForm */ = {
			isa = PBXNativeTarget;
			buildConfigurationList = 8F1512F31B426F3200289665 /* Build configuration list for PBXNativeTarget "OrderForm" */;
			buildPhases = (
				6F2594270D2EBB42ED7525AF /* Check Pods Manifest.lock */,
				8F1512D01B426F3200289665 /* Sources */,
				8F1512D11B426F3200289665 /* Frameworks */,
				8F1512D21B426F3200289665 /* Resources */,
				8F1512F91B426F3900289665 /* ShellScript */,
				27DB70A244AD79A313618E52 /* Embed Pods Frameworks */,
				DE3B07E395512B2E586C3177 /* Copy Pods Resources */,
				8FF71A3F1B47B4720001E796 /* ShellScript */,
			);
			buildRules = (
			);
			dependencies = (
			);
			name = OrderForm;
			productName = OrderForm;
			productReference = 8F1512D41B426F3200289665 /* OrderForm.app */;
			productType = "com.apple.product-type.application";
		};
		8F1512E81B426F3200289665 /* OrderFormTests */ = {
			isa = PBXNativeTarget;
			buildConfigurationList = 8F1512F61B426F3200289665 /* Build configuration list for PBXNativeTarget "OrderFormTests" */;
			buildPhases = (
				8F1512E51B426F3200289665 /* Sources */,
				8F1512E61B426F3200289665 /* Frameworks */,
				8F1512E71B426F3200289665 /* Resources */,
			);
			buildRules = (
			);
			dependencies = (
				8F1512EB1B426F3200289665 /* PBXTargetDependency */,
			);
			name = OrderFormTests;
			productName = OrderFormTests;
			productReference = 8F1512E91B426F3200289665 /* OrderFormTests.xctest */;
			productType = "com.apple.product-type.bundle.unit-test";
		};
/* End PBXNativeTarget section */

/* Begin PBXProject section */
		8F1512CC1B426F3200289665 /* Project object */ = {
			isa = PBXProject;
			attributes = {
				LastUpgradeCheck = 0630;
				ORGANIZATIONNAME = AirconTW;
				TargetAttributes = {
					8F1512D31B426F3200289665 = {
						CreatedOnToolsVersion = 6.3.2;
						DevelopmentTeam = 2K5477L82X;
					};
					8F1512E81B426F3200289665 = {
						CreatedOnToolsVersion = 6.3.2;
						TestTargetID = 8F1512D31B426F3200289665;
					};
				};
			};
			buildConfigurationList = 8F1512CF1B426F3200289665 /* Build configuration list for PBXProject "OrderForm" */;
			compatibilityVersion = "Xcode 3.2";
			developmentRegion = English;
			hasScannedForEncodings = 0;
			knownRegions = (
				en,
				Base,
			);
			mainGroup = 8F1512CB1B426F3200289665;
			productRefGroup = 8F1512D51B426F3200289665 /* Products */;
			projectDirPath = "";
			projectRoot = "";
			targets = (
				8F1512D31B426F3200289665 /* OrderForm */,
				8F1512E81B426F3200289665 /* OrderFormTests */,
			);
		};
/* End PBXProject section */

/* Begin PBXResourcesBuildPhase section */
		8F1512D21B426F3200289665 /* Resources */ = {
			isa = PBXResourcesBuildPhase;
			buildActionMask = 2147483647;
			files = (
				8F1512DF1B426F3200289665 /* Main.storyboard in Resources */,
				8F7ACB101B439A9400EAA932 /* StartPlayerHeaderView.xib in Resources */,
				8FF71A1C1B43DD5C0001E796 /* ReservePlayerHeaderView.xib in Resources */,
				8F1512E11B426F3200289665 /* Images.xcassets in Resources */,
			);
			runOnlyForDeploymentPostprocessing = 0;
		};
		8F1512E71B426F3200289665 /* Resources */ = {
			isa = PBXResourcesBuildPhase;
			buildActionMask = 2147483647;
			files = (
			);
			runOnlyForDeploymentPostprocessing = 0;
		};
/* End PBXResourcesBuildPhase section */

/* Begin PBXShellScriptBuildPhase section */
		27DB70A244AD79A313618E52 /* Embed Pods Frameworks */ = {
			isa = PBXShellScriptBuildPhase;
			buildActionMask = 2147483647;
			files = (
			);
			inputPaths = (
			);
			name = "Embed Pods Frameworks";
			outputPaths = (
			);
			runOnlyForDeploymentPostprocessing = 0;
			shellPath = /bin/sh;
			shellScript = "\"${SRCROOT}/Pods/Target Support Files/Pods/Pods-frameworks.sh\"\n";
			showEnvVarsInLog = 0;
		};
		6F2594270D2EBB42ED7525AF /* Check Pods Manifest.lock */ = {
			isa = PBXShellScriptBuildPhase;
			buildActionMask = 2147483647;
			files = (
			);
			inputPaths = (
			);
			name = "Check Pods Manifest.lock";
			outputPaths = (
			);
			runOnlyForDeploymentPostprocessing = 0;
			shellPath = /bin/sh;
			shellScript = "diff \"${PODS_ROOT}/../Podfile.lock\" \"${PODS_ROOT}/Manifest.lock\" > /dev/null\nif [[ $? != 0 ]] ; then\n    cat << EOM\nerror: The sandbox is not in sync with the Podfile.lock. Run 'pod install' or update your CocoaPods installation.\nEOM\n    exit 1\nfi\n";
			showEnvVarsInLog = 0;
		};
		8F1512F91B426F3900289665 /* ShellScript */ = {
			isa = PBXShellScriptBuildPhase;
			buildActionMask = 2147483647;
			files = (
			);
			inputPaths = (
			);
			outputPaths = (
			);
			runOnlyForDeploymentPostprocessing = 0;
			shellPath = /bin/sh;
			shellScript = "#!/bin/bash\nbuildNumber=$(/usr/libexec/PlistBuddy -c \"Print CFBundleVersion\" \"$INFOPLIST_FILE\")\nbuildNumber=$(($buildNumber + 1))\n/usr/libexec/PlistBuddy -c \"Set :CFBundleVersion $buildNumber\" \"$INFOPLIST_FILE\"";
		};
		8FF71A3F1B47B4720001E796 /* ShellScript */ = {
			isa = PBXShellScriptBuildPhase;
			buildActionMask = 2147483647;
			files = (
			);
			inputPaths = (
			);
			outputPaths = (
			);
			runOnlyForDeploymentPostprocessing = 0;
			shellPath = /bin/sh;
			shellScript = "./Fabric.framework/run e6eb162f29a7bd9acaea0065c912ae9fcec1f7f6 447172784342334e3d894c3624ae4504c62ec728a6a45034f7fb625257e3e650";
		};
		DE3B07E395512B2E586C3177 /* Copy Pods Resources */ = {
			isa = PBXShellScriptBuildPhase;
			buildActionMask = 2147483647;
			files = (
			);
			inputPaths = (
			);
			name = "Copy Pods Resources";
			outputPaths = (
			);
			runOnlyForDeploymentPostprocessing = 0;
			shellPath = /bin/sh;
			shellScript = "\"${SRCROOT}/Pods/Target Support Files/Pods/Pods-resources.sh\"\n";
			showEnvVarsInLog = 0;
		};
/* End PBXShellScriptBuildPhase section */

/* Begin PBXSourcesBuildPhase section */
		8F1512D01B426F3200289665 /* Sources */ = {
			isa = PBXSourcesBuildPhase;
			buildActionMask = 2147483647;
			files = (
				8F1512DC1B426F3200289665 /* OrderFormViewController.swift in Sources */,
				8F1512FC1B42752300289665 /* StartPlayerTableViewCell.swift in Sources */,
				8F1513041B42859F00289665 /* EditStartPlayerViewController.swift in Sources */,
				8F1512FE1B427A1D00289665 /* ReservePlayerTableViewCell.swift in Sources */,
				8F1513011B427AB500289665 /* Player.swift in Sources */,
				8FF71A1E1B43DF320001E796 /* ReservePlayerHeaderView.swift in Sources */,
				8FF71A241B450CF30001E796 /* ChangePlayerTableViewController.swift in Sources */,
				8FF71A2A1B4536170001E796 /* SuperViewController.swift in Sources */,
				8FF71A281B45330F0001E796 /* MainViewController.swift in Sources */,
				8F7ACB0E1B439A4D00EAA932 /* StartPlayerHeaderView.swift in Sources */,
				8FF71A261B45163A0001E796 /* NoPlayerTableViewCell.swift in Sources */,
				8FF71A201B44C9DC0001E796 /* PositionViewController.swift in Sources */,
				8FF71A221B44E6BC0001E796 /* MainNavigationViewController.swift in Sources */,
				8F1513061B42B7D400289665 /* EditReservePlayerViewController.swift in Sources */,
				8FF71A3E1B4637240001E796 /* PlayerListTableViewController.swift in Sources */,
				8F1512DA1B426F3200289665 /* AppDelegate.swift in Sources */,
			);
			runOnlyForDeploymentPostprocessing = 0;
		};
		8F1512E51B426F3200289665 /* Sources */ = {
			isa = PBXSourcesBuildPhase;
			buildActionMask = 2147483647;
			files = (
				8F1512F01B426F3200289665 /* OrderFormTests.swift in Sources */,
			);
			runOnlyForDeploymentPostprocessing = 0;
		};
/* End PBXSourcesBuildPhase section */

/* Begin PBXTargetDependency section */
		8F1512EB1B426F3200289665 /* PBXTargetDependency */ = {
			isa = PBXTargetDependency;
			target = 8F1512D31B426F3200289665 /* OrderForm */;
			targetProxy = 8F1512EA1B426F3200289665 /* PBXContainerItemProxy */;
		};
/* End PBXTargetDependency section */

/* Begin PBXVariantGroup section */
		8F1512DD1B426F3200289665 /* Main.storyboard */ = {
			isa = PBXVariantGroup;
			children = (
				8F1512DE1B426F3200289665 /* Base */,
			);
			name = Main.storyboard;
			sourceTree = "<group>";
		};
/* End PBXVariantGroup section */

/* Begin XCBuildConfiguration section */
		8F1512F11B426F3200289665 /* Debug */ = {
			isa = XCBuildConfiguration;
			buildSettings = {
				ALWAYS_SEARCH_USER_PATHS = NO;
				CLANG_CXX_LANGUAGE_STANDARD = "gnu++0x";
				CLANG_CXX_LIBRARY = "libc++";
				CLANG_ENABLE_MODULES = YES;
				CLANG_ENABLE_OBJC_ARC = YES;
				CLANG_WARN_BOOL_CONVERSION = YES;
				CLANG_WARN_CONSTANT_CONVERSION = YES;
				CLANG_WARN_DIRECT_OBJC_ISA_USAGE = YES_ERROR;
				CLANG_WARN_EMPTY_BODY = YES;
				CLANG_WARN_ENUM_CONVERSION = YES;
				CLANG_WARN_INT_CONVERSION = YES;
				CLANG_WARN_OBJC_ROOT_CLASS = YES_ERROR;
				CLANG_WARN_UNREACHABLE_CODE = YES;
				CLANG_WARN__DUPLICATE_METHOD_MATCH = YES;
				"CODE_SIGN_IDENTITY[sdk=iphoneos*]" = "iPhone Developer";
				COPY_PHASE_STRIP = NO;
				DEBUG_INFORMATION_FORMAT = "dwarf-with-dsym";
				ENABLE_STRICT_OBJC_MSGSEND = YES;
				GCC_C_LANGUAGE_STANDARD = gnu99;
				GCC_DYNAMIC_NO_PIC = NO;
				GCC_NO_COMMON_BLOCKS = YES;
				GCC_OPTIMIZATION_LEVEL = 0;
				GCC_PREPROCESSOR_DEFINITIONS = (
					"DEBUG=1",
					"$(inherited)",
				);
				GCC_SYMBOLS_PRIVATE_EXTERN = NO;
				GCC_WARN_64_TO_32_BIT_CONVERSION = YES;
				GCC_WARN_ABOUT_RETURN_TYPE = YES_ERROR;
				GCC_WARN_UNDECLARED_SELECTOR = YES;
				GCC_WARN_UNINITIALIZED_AUTOS = YES_AGGRESSIVE;
				GCC_WARN_UNUSED_FUNCTION = YES;
				GCC_WARN_UNUSED_VARIABLE = YES;
				IPHONEOS_DEPLOYMENT_TARGET = 8.3;
				MTL_ENABLE_DEBUG_INFO = YES;
				ONLY_ACTIVE_ARCH = YES;
				SDKROOT = iphoneos;
				SWIFT_OPTIMIZATION_LEVEL = "-Onone";
				TARGETED_DEVICE_FAMILY = "1,2";
			};
			name = Debug;
		};
		8F1512F21B426F3200289665 /* Release */ = {
			isa = XCBuildConfiguration;
			buildSettings = {
				ALWAYS_SEARCH_USER_PATHS = NO;
				CLANG_CXX_LANGUAGE_STANDARD = "gnu++0x";
				CLANG_CXX_LIBRARY = "libc++";
				CLANG_ENABLE_MODULES = YES;
				CLANG_ENABLE_OBJC_ARC = YES;
				CLANG_WARN_BOOL_CONVERSION = YES;
				CLANG_WARN_CONSTANT_CONVERSION = YES;
				CLANG_WARN_DIRECT_OBJC_ISA_USAGE = YES_ERROR;
				CLANG_WARN_EMPTY_BODY = YES;
				CLANG_WARN_ENUM_CONVERSION = YES;
				CLANG_WARN_INT_CONVERSION = YES;
				CLANG_WARN_OBJC_ROOT_CLASS = YES_ERROR;
				CLANG_WARN_UNREACHABLE_CODE = YES;
				CLANG_WARN__DUPLICATE_METHOD_MATCH = YES;
				"CODE_SIGN_IDENTITY[sdk=iphoneos*]" = "iPhone Developer";
				COPY_PHASE_STRIP = NO;
				DEBUG_INFORMATION_FORMAT = "dwarf-with-dsym";
				ENABLE_NS_ASSERTIONS = NO;
				ENABLE_STRICT_OBJC_MSGSEND = YES;
				GCC_C_LANGUAGE_STANDARD = gnu99;
				GCC_NO_COMMON_BLOCKS = YES;
				GCC_WARN_64_TO_32_BIT_CONVERSION = YES;
				GCC_WARN_ABOUT_RETURN_TYPE = YES_ERROR;
				GCC_WARN_UNDECLARED_SELECTOR = YES;
				GCC_WARN_UNINITIALIZED_AUTOS = YES_AGGRESSIVE;
				GCC_WARN_UNUSED_FUNCTION = YES;
				GCC_WARN_UNUSED_VARIABLE = YES;
				IPHONEOS_DEPLOYMENT_TARGET = 8.3;
				MTL_ENABLE_DEBUG_INFO = NO;
				SDKROOT = iphoneos;
				TARGETED_DEVICE_FAMILY = "1,2";
				VALIDATE_PRODUCT = YES;
			};
			name = Release;
		};
		8F1512F41B426F3200289665 /* Debug */ = {
			isa = XCBuildConfiguration;
			baseConfigurationReference = E298C22B17F6F39C49AAA989 /* Pods.debug.xcconfig */;
			buildSettings = {
				ASSETCATALOG_COMPILER_APPICON_NAME = AppIcon;
				CLANG_ENABLE_MODULES = YES;
				CODE_SIGN_IDENTITY = "iPhone Developer";
				FRAMEWORK_SEARCH_PATHS = (
					"$(inherited)",
					"$(PROJECT_DIR)",
				);
				INFOPLIST_FILE = OrderForm/Info.plist;
				LD_RUNPATH_SEARCH_PATHS = "$(inherited) @executable_path/Frameworks";
				PRODUCT_NAME = "$(TARGET_NAME)";
				SWIFT_OBJC_BRIDGING_HEADER = "OrderForm/OrderForm-Bridging-Header.h";
				SWIFT_OPTIMIZATION_LEVEL = "-Onone";
				TARGETED_DEVICE_FAMILY = 1;
			};
			name = Debug;
		};
		8F1512F51B426F3200289665 /* Release */ = {
			isa = XCBuildConfiguration;
			baseConfigurationReference = 28E069BA0A19BDE4F1470205 /* Pods.release.xcconfig */;
			buildSettings = {
				ASSETCATALOG_COMPILER_APPICON_NAME = AppIcon;
				CLANG_ENABLE_MODULES = YES;
				CODE_SIGN_IDENTITY = "iPhone Developer";
				FRAMEWORK_SEARCH_PATHS = (
					"$(inherited)",
					"$(PROJECT_DIR)",
				);
				INFOPLIST_FILE = OrderForm/Info.plist;
				LD_RUNPATH_SEARCH_PATHS = "$(inherited) @executable_path/Frameworks";
				PRODUCT_NAME = "$(TARGET_NAME)";
				SWIFT_OBJC_BRIDGING_HEADER = "OrderForm/OrderForm-Bridging-Header.h";
				TARGETED_DEVICE_FAMILY = 1;
			};
			name = Release;
		};
		8F1512F71B426F3200289665 /* Debug */ = {
			isa = XCBuildConfiguration;
			buildSettings = {
				BUNDLE_LOADER = "$(TEST_HOST)";
				FRAMEWORK_SEARCH_PATHS = (
					"$(SDKROOT)/Developer/Library/Frameworks",
					"$(inherited)",
				);
				GCC_PREPROCESSOR_DEFINITIONS = (
					"DEBUG=1",
					"$(inherited)",
				);
				INFOPLIST_FILE = OrderFormTests/Info.plist;
				LD_RUNPATH_SEARCH_PATHS = "$(inherited) @executable_path/Frameworks @loader_path/Frameworks";
				PRODUCT_NAME = "$(TARGET_NAME)";
				TEST_HOST = "$(BUILT_PRODUCTS_DIR)/OrderForm.app/OrderForm";
			};
			name = Debug;
		};
		8F1512F81B426F3200289665 /* Release */ = {
			isa = XCBuildConfiguration;
			buildSettings = {
				BUNDLE_LOADER = "$(TEST_HOST)";
				FRAMEWORK_SEARCH_PATHS = (
					"$(SDKROOT)/Developer/Library/Frameworks",
					"$(inherited)",
				);
				INFOPLIST_FILE = OrderFormTests/Info.plist;
				LD_RUNPATH_SEARCH_PATHS = "$(inherited) @executable_path/Frameworks @loader_path/Frameworks";
				PRODUCT_NAME = "$(TARGET_NAME)";
				TEST_HOST = "$(BUILT_PRODUCTS_DIR)/OrderForm.app/OrderForm";
			};
			name = Release;
		};
/* End XCBuildConfiguration section */

/* Begin XCConfigurationList section */
		8F1512CF1B426F3200289665 /* Build configuration list for PBXProject "OrderForm" */ = {
			isa = XCConfigurationList;
			buildConfigurations = (
				8F1512F11B426F3200289665 /* Debug */,
				8F1512F21B426F3200289665 /* Release */,
			);
			defaultConfigurationIsVisible = 0;
			defaultConfigurationName = Release;
		};
		8F1512F31B426F3200289665 /* Build configuration list for PBXNativeTarget "OrderForm" */ = {
			isa = XCConfigurationList;
			buildConfigurations = (
				8F1512F41B426F3200289665 /* Debug */,
				8F1512F51B426F3200289665 /* Release */,
			);
			defaultConfigurationIsVisible = 0;
			defaultConfigurationName = Release;
		};
		8F1512F61B426F3200289665 /* Build configuration list for PBXNativeTarget "OrderFormTests" */ = {
			isa = XCConfigurationList;
			buildConfigurations = (
				8F1512F71B426F3200289665 /* Debug */,
				8F1512F81B426F3200289665 /* Release */,
			);
			defaultConfigurationIsVisible = 0;
			defaultConfigurationName = Release;
		};
/* End XCConfigurationList section */
	};
	rootObject = 8F1512CC1B426F3200289665 /* Project object */;
}
